{
  "name": "vue-webpack",
  "version": "1.0.0",
  "lockfileVersion": 1,
  "requires": true,
  "dependencies": {
    "big.js": {
      "version": "3.2.0",
      "resolved": "http://registry.npm.taobao.org/big.js/download/big.js-3.2.0.tgz"
    },
    "css-loader": {
      "version": "0.28.7",
      "resolved": "http://registry.npm.taobao.org/css-loader/download/css-loader-0.28.7.tgz",
      "dependencies": {
        "babel-code-frame": {
          "version": "http://registry.npm.taobao.org/babel-code-frame/download/babel-code-frame-6.26.0.tgz",
          "bundled": true
        },
        "css-selector-tokenizer": {
          "version": "http://registry.npm.taobao.org/css-selector-tokenizer/download/css-selector-tokenizer-0.7.0.tgz",
          "bundled": true,
          "dependencies": {
            "cssesc": {
              "version": "http://registry.npm.taobao.org/cssesc/download/cssesc-0.1.0.tgz",
              "bundled": true
            },
            "fastparse": {
              "version": "http://registry.npm.taobao.org/fastparse/download/fastparse-1.1.1.tgz",
              "bundled": true
            },
            "regexpu-core": {
              "version": "http://registry.npm.taobao.org/regexpu-core/download/regexpu-core-1.0.0.tgz",
              "bundled": true
            }
          }
        },
        "cssnano": {
          "version": "http://registry.npm.taobao.org/cssnano/download/cssnano-3.10.0.tgz",
          "bundled": true
        },
        "icss-utils": {
          "version": "http://registry.npm.taobao.org/icss-utils/download/icss-utils-2.1.0.tgz",
          "bundled": true,
          "dependencies": {
            "postcss": {
              "version": "http://registry.npm.taobao.org/postcss/download/postcss-6.0.23.tgz"
            }
          }
        },
        "loader-utils": {
          "version": "http://registry.npm.taobao.org/loader-utils/download/loader-utils-1.1.0.tgz",
          "bundled": true,
          "dependencies": {
            "big.js": {
              "version": "http://registry.npm.taobao.org/big.js/download/big.js-3.2.0.tgz"
            },
            "emojis-list": {
              "version": "http://registry.npm.taobao.org/emojis-list/download/emojis-list-2.1.0.tgz"
            },
            "json5": {
              "version": "http://registry.npm.taobao.org/json5/download/json5-0.5.1.tgz"
            }
          }
        },
        "lodash.camelcase": {
          "version": "http://registry.npm.taobao.org/lodash.camelcase/download/lodash.camelcase-4.3.0.tgz",
          "bundled": true
        },
        "object-assign": {
          "version": "http://registry.npm.taobao.org/object-assign/download/object-assign-4.1.1.tgz",
          "bundled": true
        },
        "postcss": {
          "version": "http://registry.npm.taobao.org/postcss/download/postcss-5.2.18.tgz",
          "bundled": true,
          "dependencies": {
            "chalk": {
              "version": "http://registry.npm.taobao.org/chalk/download/chalk-1.1.3.tgz"
            },
            "js-base64": {
              "version": "http://registry.npm.taobao.org/js-base64/download/js-base64-2.4.5.tgz"
            },
            "source-map": {
              "version": "http://registry.npm.taobao.org/source-map/download/source-map-0.5.7.tgz"
            },
            "supports-color": {
              "version": "http://registry.npm.taobao.org/supports-color/download/supports-color-3.2.3.tgz"
            }
          }
        },
        "postcss-modules-extract-imports": {
          "version": "http://registry.npm.taobao.org/postcss-modules-extract-imports/download/postcss-modules-extract-imports-1.1.0.tgz",
          "bundled": true,
          "dependencies": {
            "postcss": {
              "version": "http://registry.npm.taobao.org/postcss/download/postcss-6.0.23.tgz",
              "bundled": true,
              "dependencies": {
                "chalk": {
                  "version": "http://registry.npm.taobao.org/chalk/download/chalk-2.4.1.tgz",
                  "dependencies": {
                    "ansi-styles": {
                      "version": "http://registry.npm.taobao.org/ansi-styles/download/ansi-styles-3.2.1.tgz"
                    },
                    "escape-string-regexp": {
                      "version": "http://registry.npm.taobao.org/escape-string-regexp/download/escape-string-regexp-1.0.5.tgz"
                    },
                    "supports-color": {
                      "version": "http://registry.npm.taobao.org/supports-color/download/supports-color-5.4.0.tgz"
                    }
                  }
                },
                "source-map": {
                  "version": "http://registry.npm.taobao.org/source-map/download/source-map-0.6.1.tgz"
                },
                "supports-color": {
                  "version": "http://registry.npm.taobao.org/supports-color/download/supports-color-5.4.0.tgz",
                  "dependencies": {
                    "has-flag": {
                      "version": "http://registry.npm.taobao.org/has-flag/download/has-flag-3.0.0.tgz"
                    }
                  }
                }
              }
            }
          }
        },
        "postcss-modules-local-by-default": {
          "version": "http://registry.npm.taobao.org/postcss-modules-local-by-default/download/postcss-modules-local-by-default-1.2.0.tgz",
          "bundled": true
        },
        "postcss-modules-scope": {
          "version": "http://registry.npm.taobao.org/postcss-modules-scope/download/postcss-modules-scope-1.1.0.tgz",
          "bundled": true
        },
        "postcss-modules-values": {
          "version": "http://registry.npm.taobao.org/postcss-modules-values/download/postcss-modules-values-1.3.0.tgz",
          "bundled": true
        },
        "postcss-value-parser": {
          "version": "http://registry.npm.taobao.org/postcss-value-parser/download/postcss-value-parser-3.3.0.tgz",
          "bundled": true
        },
        "source-list-map": {
          "version": "http://registry.npm.taobao.org/source-list-map/download/source-list-map-2.0.0.tgz",
          "bundled": true
        }
      }
    },
    "emojis-list": {
      "version": "2.1.0",
      "resolved": "http://registry.npm.taobao.org/emojis-list/download/emojis-list-2.1.0.tgz"
    },
    "file-loader": {
      "version": "1.1.6",
      "resolved": "http://registry.npm.taobao.org/file-loader/download/file-loader-1.1.6.tgz",
      "requires": {
        "schema-utils": "0.3.0"
      },
      "dependencies": {
        "loader-utils": {
          "version": "http://registry.npm.taobao.org/loader-utils/download/loader-utils-1.1.0.tgz",
          "bundled": true
        },
        "schema-utils": {
          "version": "http://registry.npm.taobao.org/schema-utils/download/schema-utils-0.3.0.tgz",
          "bundled": true,
          "dependencies": {
            "ajv": {
              "version": "http://registry.npm.taobao.org/ajv/download/ajv-5.5.2.tgz",
              "bundled": true,
              "dependencies": {
                "co": {
                  "version": "http://registry.npm.taobao.org/co/download/co-4.6.0.tgz",
                  "bundled": true
                },
                "fast-deep-equal": {
                  "version": "http://registry.npm.taobao.org/fast-deep-equal/download/fast-deep-equal-1.1.0.tgz",
                  "bundled": true
                },
                "fast-json-stable-stringify": {
                  "version": "http://registry.npm.taobao.org/fast-json-stable-stringify/download/fast-json-stable-stringify-2.0.0.tgz",
                  "bundled": true
                },
                "json-schema-traverse": {
                  "version": "http://registry.npm.taobao.org/json-schema-traverse/download/json-schema-traverse-0.3.1.tgz",
                  "bundled": true
                }
              }
            }
          }
        },
        "webpack": {
          "version": "http://registry.npm.taobao.org/webpack/download/webpack-3.12.0.tgz",
          "bundled": true,
          "requires": {
            "acorn": "5.7.1",
            "acorn-dynamic-import": "2.0.2",
            "ajv": "6.5.1",
            "ajv-keywords": "3.2.0",
            "async": "2.6.1",
            "enhanced-resolve": "3.4.1",
            "escope": "3.6.0",
            "interpret": "1.1.0",
            "json-loader": "0.5.7",
            "json5": "0.5.1",
            "loader-runner": "2.3.0",
            "loader-utils": "1.1.0",
            "memory-fs": "0.4.1",
            "mkdirp": "0.5.1",
            "node-libs-browser": "2.1.0",
            "source-map": "0.5.7",
            "supports-color": "4.5.0",
            "tapable": "0.2.8",
            "uglifyjs-webpack-plugin": "0.4.6",
            "watchpack": "1.6.0",
            "webpack-sources": "1.1.0",
            "yargs": "8.0.2"
          },
          "dependencies": {
            "acorn": {
              "version": "5.7.1",
              "resolved": "http://registry.npm.taobao.org/acorn/download/acorn-5.7.1.tgz"
            },
            "acorn-dynamic-import": {
              "version": "2.0.2",
              "resolved": "http://registry.npm.taobao.org/acorn-dynamic-import/download/acorn-dynamic-import-2.0.2.tgz",
              "dependencies": {
                "acorn": {
                  "version": "http://registry.npm.taobao.org/acorn/download/acorn-4.0.13.tgz",
                  "bundled": true
                }
              }
            },
            "ajv": {
              "version": "6.5.1",
              "resolved": "http://registry.npm.taobao.org/ajv/download/ajv-6.5.1.tgz"
            },
            "ajv-keywords": {
              "version": "3.2.0",
              "resolved": "http://registry.npm.taobao.org/ajv-keywords/download/ajv-keywords-3.2.0.tgz",
              "dependencies": {
                "ajv": {
                  "version": "http://registry.npm.taobao.org/ajv/download/ajv-6.5.1.tgz",
                  "dependencies": {
                    "fast-deep-equal": {
                      "version": "http://registry.npm.taobao.org/fast-deep-equal/download/fast-deep-equal-2.0.1.tgz"
                    },
                    "fast-json-stable-stringify": {
                      "version": "http://registry.npm.taobao.org/fast-json-stable-stringify/download/fast-json-stable-stringify-2.0.0.tgz"
                    },
                    "json-schema-traverse": {
                      "version": "http://registry.npm.taobao.org/json-schema-traverse/download/json-schema-traverse-0.4.1.tgz"
                    },
                    "uri-js": {
                      "version": "http://registry.npm.taobao.org/uri-js/download/uri-js-4.2.2.tgz"
                    }
                  }
                }
              }
            },
            "async": {
              "version": "2.6.1",
              "resolved": "http://registry.npm.taobao.org/async/download/async-2.6.1.tgz"
            },
            "enhanced-resolve": {
              "version": "3.4.1",
              "resolved": "http://registry.npm.taobao.org/enhanced-resolve/download/enhanced-resolve-3.4.1.tgz",
              "dependencies": {
                "graceful-fs": {
                  "version": "http://registry.npm.taobao.org/graceful-fs/download/graceful-fs-4.1.11.tgz",
                  "bundled": true
                },
                "memory-fs": {
                  "version": "http://registry.npm.taobao.org/memory-fs/download/memory-fs-0.4.1.tgz",
                  "bundled": true
                },
                "object-assign": {
                  "version": "http://registry.npm.taobao.org/object-assign/download/object-assign-4.1.1.tgz",
                  "bundled": true
                },
                "tapable": {
                  "version": "http://registry.npm.taobao.org/tapable/download/tapable-0.2.8.tgz",
                  "bundled": true
                }
              }
            },
            "escope": {
              "version": "3.6.0",
              "resolved": "http://registry.npm.taobao.org/escope/download/escope-3.6.0.tgz",
              "dependencies": {
                "es6-map": {
                  "version": "http://registry.npm.taobao.org/es6-map/download/es6-map-0.1.5.tgz",
                  "bundled": true
                },
                "es6-weak-map": {
                  "version": "http://registry.npm.taobao.org/es6-weak-map/download/es6-weak-map-2.0.2.tgz",
                  "bundled": true,
                  "dependencies": {
                    "d": {
                      "version": "http://registry.npm.taobao.org/d/download/d-1.0.0.tgz",
                      "bundled": true,
                      "dependencies": {
                        "es5-ext": {
                          "version": "http://registry.npm.taobao.org/es5-ext/download/es5-ext-0.10.45.tgz"
                        }
                      }
                    },
                    "es5-ext": {
                      "version": "http://registry.npm.taobao.org/es5-ext/download/es5-ext-0.10.45.tgz",
                      "bundled": true,
                      "dependencies": {
                        "es6-iterator": {
                          "version": "http://registry.npm.taobao.org/es6-iterator/download/es6-iterator-2.0.3.tgz",
                          "bundled": true
                        },
                        "es6-symbol": {
                          "version": "http://registry.npm.taobao.org/es6-symbol/download/es6-symbol-3.1.1.tgz",
                          "bundled": true
                        },
                        "next-tick": {
                          "version": "http://registry.npm.taobao.org/next-tick/download/next-tick-1.0.0.tgz",
                          "bundled": true
                        }
                      }
                    },
                    "es6-iterator": {
                      "version": "http://registry.npm.taobao.org/es6-iterator/download/es6-iterator-2.0.3.tgz",
                      "bundled": true,
                      "dependencies": {
                        "d": {
                          "version": "http://registry.npm.taobao.org/d/download/d-1.0.0.tgz",
                          "dependencies": {
                            "es5-ext": {
                              "version": "http://registry.npm.taobao.org/es5-ext/download/es5-ext-0.10.45.tgz"
                            }
                          }
                        },
                        "es5-ext": {
                          "version": "http://registry.npm.taobao.org/es5-ext/download/es5-ext-0.10.45.tgz",
                          "dependencies": {
                            "es6-iterator": {
                              "version": "http://registry.npm.taobao.org/es6-iterator/download/es6-iterator-2.0.3.tgz",
                              "bundled": true
                            },
                            "es6-symbol": {
                              "version": "http://registry.npm.taobao.org/es6-symbol/download/es6-symbol-3.1.1.tgz",
                              "bundled": true
                            },
                            "next-tick": {
                              "version": "http://registry.npm.taobao.org/next-tick/download/next-tick-1.0.0.tgz",
                              "bundled": true
                            }
                          }
                        },
                        "es6-symbol": {
                          "version": "http://registry.npm.taobao.org/es6-symbol/download/es6-symbol-3.1.1.tgz",
                          "dependencies": {
                            "d": {
                              "version": "http://registry.npm.taobao.org/d/download/d-1.0.0.tgz",
                              "dependencies": {
                                "es5-ext": {
                                  "version": "http://registry.npm.taobao.org/es5-ext/download/es5-ext-0.10.45.tgz"
                                }
                              }
                            },
                            "es5-ext": {
                              "version": "http://registry.npm.taobao.org/es5-ext/download/es5-ext-0.10.45.tgz",
                              "dependencies": {
                                "es6-iterator": {
                                  "version": "http://registry.npm.taobao.org/es6-iterator/download/es6-iterator-2.0.3.tgz",
                                  "bundled": true
                                },
                                "es6-symbol": {
                                  "version": "http://registry.npm.taobao.org/es6-symbol/download/es6-symbol-3.1.1.tgz",
                                  "bundled": true
                                },
                                "next-tick": {
                                  "version": "http://registry.npm.taobao.org/next-tick/download/next-tick-1.0.0.tgz",
                                  "bundled": true
                                }
                              }
                            }
                          }
                        }
                      }
                    },
                    "es6-symbol": {
                      "version": "http://registry.npm.taobao.org/es6-symbol/download/es6-symbol-3.1.1.tgz",
                      "bundled": true,
                      "dependencies": {
                        "d": {
                          "version": "http://registry.npm.taobao.org/d/download/d-1.0.0.tgz",
                          "dependencies": {}
                        },
                        "es5-ext": {
                          "version": "http://registry.npm.taobao.org/es5-ext/download/es5-ext-0.10.45.tgz",
                          "dependencies": {}
                        }
                      }
                    }
                  }
                },
                "esrecurse": {
                  "version": "http://registry.npm.taobao.org/esrecurse/download/esrecurse-4.2.1.tgz",
                  "bundled": true
                },
                "estraverse": {
                  "version": "http://registry.npm.taobao.org/estraverse/download/estraverse-4.2.0.tgz",
                  "bundled": true
                }
              }
            },
            "interpret": {
              "version": "1.1.0",
              "resolved": "http://registry.npm.taobao.org/interpret/download/interpret-1.1.0.tgz"
            },
            "json-loader": {
              "version": "0.5.7",
              "resolved": "http://registry.npm.taobao.org/json-loader/download/json-loader-0.5.7.tgz"
            },
            "json5": {
              "version": "0.5.1",
              "resolved": "http://registry.npm.taobao.org/json5/download/json5-0.5.1.tgz"
            },
            "loader-runner": {
              "version": "2.3.0",
              "resolved": "http://registry.npm.taobao.org/loader-runner/download/loader-runner-2.3.0.tgz"
            },
            "loader-utils": {
              "version": "1.1.0",
              "resolved": "http://registry.npm.taobao.org/loader-utils/download/loader-utils-1.1.0.tgz",
              "dependencies": {
                "big.js": {
                  "version": "http://registry.npm.taobao.org/big.js/download/big.js-3.2.0.tgz"
                },
                "emojis-list": {
                  "version": "http://registry.npm.taobao.org/emojis-list/download/emojis-list-2.1.0.tgz"
                },
                "json5": {
                  "version": "http://registry.npm.taobao.org/json5/download/json5-0.5.1.tgz"
                }
              }
            },
            "memory-fs": {
              "version": "0.4.1",
              "resolved": "http://registry.npm.taobao.org/memory-fs/download/memory-fs-0.4.1.tgz",
              "dependencies": {
                "errno": {
                  "version": "http://registry.npm.taobao.org/errno/download/errno-0.1.7.tgz",
                  "bundled": true
                },
                "readable-stream": {
                  "version": "http://registry.npm.taobao.org/readable-stream/download/readable-stream-2.3.6.tgz",
                  "bundled": true,
                  "dependencies": {
                    "core-util-is": {
                      "version": "http://registry.npm.taobao.org/core-util-is/download/core-util-is-1.0.2.tgz",
                      "bundled": true
                    },
                    "inherits": {
                      "version": "http://registry.npm.taobao.org/inherits/download/inherits-2.0.3.tgz",
                      "bundled": true
                    },
                    "isarray": {
                      "version": "http://registry.npm.taobao.org/isarray/download/isarray-1.0.0.tgz",
                      "bundled": true
                    },
                    "process-nextick-args": {
                      "version": "http://registry.npm.taobao.org/process-nextick-args/download/process-nextick-args-2.0.0.tgz",
                      "bundled": true
                    },
                    "safe-buffer": {
                      "version": "http://registry.npm.taobao.org/safe-buffer/download/safe-buffer-5.1.2.tgz",
                      "bundled": true
                    },
                    "string_decoder": {
                      "version": "http://registry.npm.taobao.org/string_decoder/download/string_decoder-1.1.1.tgz",
                      "bundled": true
                    },
                    "util-deprecate": {
                      "version": "http://registry.npm.taobao.org/util-deprecate/download/util-deprecate-1.0.2.tgz",
                      "bundled": true
                    }
                  }
                }
              }
            },
            "mkdirp": {
              "version": "0.5.1",
              "resolved": "http://registry.npm.taobao.org/mkdirp/download/mkdirp-0.5.1.tgz",
              "dependencies": {
                "minimist": {
                  "version": "http://registry.npm.taobao.org/minimist/download/minimist-0.0.8.tgz"
                }
              }
            },
            "node-libs-browser": {
              "version": "2.1.0",
              "resolved": "http://registry.npm.taobao.org/node-libs-browser/download/node-libs-browser-2.1.0.tgz"
            },
            "source-map": {
              "version": "0.5.7",
              "resolved": "http://registry.npm.taobao.org/source-map/download/source-map-0.5.7.tgz"
            },
            "supports-color": {
              "version": "4.5.0",
              "resolved": "http://registry.npm.taobao.org/supports-color/download/supports-color-4.5.0.tgz",
              "dependencies": {
                "has-flag": {
                  "version": "http://registry.npm.taobao.org/has-flag/download/has-flag-2.0.0.tgz"
                }
              }
            },
            "tapable": {
              "version": "0.2.8",
              "resolved": "http://registry.npm.taobao.org/tapable/download/tapable-0.2.8.tgz"
            },
            "uglifyjs-webpack-plugin": {
              "version": "0.4.6",
              "resolved": "http://registry.npm.taobao.org/uglifyjs-webpack-plugin/download/uglifyjs-webpack-plugin-0.4.6.tgz"
            },
            "watchpack": {
              "version": "1.6.0",
              "resolved": "http://registry.npm.taobao.org/watchpack/download/watchpack-1.6.0.tgz"
            },
            "webpack-sources": {
              "version": "1.1.0",
              "resolved": "http://registry.npm.taobao.org/webpack-sources/download/webpack-sources-1.1.0.tgz",
              "dependencies": {
                "source-list-map": {
                  "version": "http://registry.npm.taobao.org/source-list-map/download/source-list-map-2.0.0.tgz",
                  "bundled": true
                },
                "source-map": {
                  "version": "http://registry.npm.taobao.org/source-map/download/source-map-0.6.1.tgz",
                  "bundled": true
                }
              }
            },
            "yargs": {
              "version": "8.0.2",
              "resolved": "http://registry.npm.taobao.org/yargs/download/yargs-8.0.2.tgz"
            }
          }
        }
      }
    },
    "schema-utils": {
      "version": "0.3.0",
      "resolved": "http://registry.npm.taobao.org/schema-utils/download/schema-utils-0.3.0.tgz"
    },
    "style-loader": {
      "version": "0.19.1",
      "resolved": "https://registry.npmjs.org/style-loader/-/style-loader-0.19.1.tgz",
      "integrity": "sha512-IRE+ijgojrygQi3rsqT0U4dd+UcPCqcVvauZpCnQrGAlEe+FUIyrK93bUDScamesjP08JlQNsFJU+KmPedP5Og==",
      "requires": {
        "loader-utils": "1.1.0",
        "schema-utils": "0.3.0"
      },
      "dependencies": {
        "json5": {
          "version": "0.5.1",
          "resolved": "https://registry.npmjs.org/json5/-/json5-0.5.1.tgz",
          "integrity": "sha1-Hq3nrMASA0rYTiOWdn6tn6VJWCE="
        },
        "loader-utils": {
          "version": "1.1.0",
          "resolved": "https://registry.npmjs.org/loader-utils/-/loader-utils-1.1.0.tgz",
          "integrity": "sha1-yYrvSIvM7aL/teLeZG1qdUQp9c0=",
          "requires": {
            "big.js": "3.2.0",
            "emojis-list": "2.1.0",
            "json5": "0.5.1"
          }
        }
      }
    },
    "url-loader": {
      "version": "0.6.1",
      "resolved": "http://registry.npm.taobao.org/url-loader/download/url-loader-0.6.1.tgz",
      "requires": {
        "schema-utils": "0.3.0"
      },
      "dependencies": {
        "loader-utils": {
          "version": "http://registry.npm.taobao.org/loader-utils/download/loader-utils-1.1.0.tgz",
          "bundled": true,
          "dependencies": {
            "big.js": {
              "version": "http://registry.npm.taobao.org/big.js/download/big.js-3.2.0.tgz"
            },
            "emojis-list": {
              "version": "http://registry.npm.taobao.org/emojis-list/download/emojis-list-2.1.0.tgz"
            },
            "json5": {
              "version": "http://registry.npm.taobao.org/json5/download/json5-0.5.1.tgz"
            }
          }
        },
        "mime": {
          "version": "http://registry.npm.taobao.org/mime/download/mime-1.6.0.tgz",
          "bundled": true
        },
        "schema-utils": {
          "version": "http://registry.npm.taobao.org/schema-utils/download/schema-utils-0.3.0.tgz",
          "bundled": true,
          "dependencies": {
            "ajv": {
              "version": "http://registry.npm.taobao.org/ajv/download/ajv-5.5.2.tgz",
              "bundled": true,
              "dependencies": {}
            }
          }
        }
      }
    },
    "vue": {
      "version": "2.5.13",
      "resolved": "https://registry.npmjs.org/vue/-/vue-2.5.13.tgz",
      "integrity": "sha512-3D+lY7HTkKbtswDM4BBHgqyq+qo8IAEE8lz8va1dz3LLmttjgo0FxairO4r1iN2OBqk8o1FyL4hvzzTFEdQSEw=="
    },
    "vue-loader": {
      "version": "13.6.0",
      "resolved": "http://registry.npm.taobao.org/vue-loader/download/vue-loader-13.6.0.tgz",
      "dependencies": {
        "consolidate": {
          "version": "http://registry.npm.taobao.org/consolidate/download/consolidate-0.14.5.tgz",
          "bundled": true
        },
        "hash-sum": {
          "version": "http://registry.npm.taobao.org/hash-sum/download/hash-sum-1.0.2.tgz",
          "bundled": true
        },
        "loader-utils": {
          "version": "http://registry.npm.taobao.org/loader-utils/download/loader-utils-1.1.0.tgz",
          "bundled": true,
          "dependencies": {
            "big.js": {
              "version": "http://registry.npm.taobao.org/big.js/download/big.js-3.2.0.tgz"
            },
            "emojis-list": {
              "version": "http://registry.npm.taobao.org/emojis-list/download/emojis-list-2.1.0.tgz"
            },
            "json5": {
              "version": "http://registry.npm.taobao.org/json5/download/json5-0.5.1.tgz"
            }
          }
        },
        "lru-cache": {
          "version": "http://registry.npm.taobao.org/lru-cache/download/lru-cache-4.1.3.tgz",
          "bundled": true
        },
        "postcss": {
          "version": "http://registry.npm.taobao.org/postcss/download/postcss-6.0.23.tgz",
          "bundled": true,
          "dependencies": {
            "chalk": {
              "version": "http://registry.npm.taobao.org/chalk/download/chalk-2.4.1.tgz",
              "dependencies": {}
            },
            "source-map": {
              "version": "http://registry.npm.taobao.org/source-map/download/source-map-0.6.1.tgz"
            },
            "supports-color": {
              "version": "http://registry.npm.taobao.org/supports-color/download/supports-color-5.4.0.tgz",
              "dependencies": {}
            }
          }
        },
        "postcss-load-config": {
          "version": "http://registry.npm.taobao.org/postcss-load-config/download/postcss-load-config-1.2.0.tgz",
          "bundled": true,
          "dependencies": {
            "cosmiconfig": {
              "version": "http://registry.npm.taobao.org/cosmiconfig/download/cosmiconfig-2.2.2.tgz",
              "bundled": true,
              "dependencies": {
                "is-directory": {
                  "version": "http://registry.npm.taobao.org/is-directory/download/is-directory-0.3.1.tgz",
                  "bundled": true
                },
                "js-yaml": {
                  "version": "http://registry.npm.taobao.org/js-yaml/download/js-yaml-3.12.0.tgz",
                  "bundled": true
                },
                "minimist": {
                  "version": "http://registry.npm.taobao.org/minimist/download/minimist-1.2.0.tgz",
                  "bundled": true
                },
                "object-assign": {
                  "version": "http://registry.npm.taobao.org/object-assign/download/object-assign-4.1.1.tgz",
                  "bundled": true
                },
                "os-homedir": {
                  "version": "http://registry.npm.taobao.org/os-homedir/download/os-homedir-1.0.2.tgz",
                  "bundled": true
                },
                "parse-json": {
                  "version": "http://registry.npm.taobao.org/parse-json/download/parse-json-2.2.0.tgz",
                  "bundled": true
                },
                "require-from-string": {
                  "version": "http://registry.npm.taobao.org/require-from-string/download/require-from-string-1.2.1.tgz",
                  "bundled": true
                }
              }
            },
            "object-assign": {
              "version": "http://registry.npm.taobao.org/object-assign/download/object-assign-4.1.1.tgz",
              "bundled": true
            },
            "postcss-load-options": {
              "version": "http://registry.npm.taobao.org/postcss-load-options/download/postcss-load-options-1.2.0.tgz",
              "bundled": true
            },
            "postcss-load-plugins": {
              "version": "http://registry.npm.taobao.org/postcss-load-plugins/download/postcss-load-plugins-2.3.0.tgz",
              "bundled": true
            }
          }
        },
        "postcss-selector-parser": {
          "version": "http://registry.npm.taobao.org/postcss-selector-parser/download/postcss-selector-parser-2.2.3.tgz",
          "bundled": true,
          "dependencies": {
            "flatten": {
              "version": "http://registry.npm.taobao.org/flatten/download/flatten-1.0.2.tgz",
              "bundled": true
            },
            "indexes-of": {
              "version": "http://registry.npm.taobao.org/indexes-of/download/indexes-of-1.0.1.tgz",
              "bundled": true
            },
            "uniq": {
              "version": "http://registry.npm.taobao.org/uniq/download/uniq-1.0.1.tgz",
              "bundled": true
            }
          }
        },
        "prettier": {
          "version": "http://registry.npm.taobao.org/prettier/download/prettier-1.13.5.tgz",
          "bundled": true
        },
        "resolve": {
          "version": "http://registry.npm.taobao.org/resolve/download/resolve-1.8.1.tgz",
          "bundled": true
        },
        "source-map": {
          "version": "http://registry.npm.taobao.org/source-map/download/source-map-0.6.1.tgz",
          "bundled": true
        },
        "vue-hot-reload-api": {
          "version": "http://registry.npm.taobao.org/vue-hot-reload-api/download/vue-hot-reload-api-2.3.0.tgz",
          "bundled": true
        },
        "vue-style-loader": {
          "version": "http://registry.npm.taobao.org/vue-style-loader/download/vue-style-loader-3.1.2.tgz",
          "bundled": true
        },
        "vue-template-es2015-compiler": {
          "version": "http://registry.npm.taobao.org/vue-template-es2015-compiler/download/vue-template-es2015-compiler-1.6.0.tgz",
          "bundled": true
        }
      }
    },
    "vue-template-compiler": {
      "version": "2.5.13",
      "resolved": "http://registry.npm.taobao.org/vue-template-compiler/download/vue-template-compiler-2.5.13.tgz",
      "dependencies": {
        "de-indent": {
          "version": "http://registry.npm.taobao.org/de-indent/download/de-indent-1.0.2.tgz",
          "bundled": true
        },
        "he": {
          "version": "http://registry.npm.taobao.org/he/download/he-1.1.1.tgz",
          "bundled": true
        }
      }
    },
    "webpack": {
      "version": "3.12.0",
      "resolved": "http://registry.npm.taobao.org/webpack/download/webpack-3.12.0.tgz",
      "requires": {
        "acorn": "5.7.1",
        "acorn-dynamic-import": "2.0.2",
        "ajv": "6.5.1",
        "ajv-keywords": "3.2.0",
        "async": "2.6.1",
        "enhanced-resolve": "3.4.1",
        "escope": "3.6.0",
        "interpret": "1.1.0",
        "json-loader": "0.5.7",
        "json5": "0.5.1",
        "loader-runner": "2.3.0",
        "loader-utils": "1.1.0",
        "memory-fs": "0.4.1",
        "mkdirp": "0.5.1",
        "node-libs-browser": "2.1.0",
        "source-map": "0.5.7",
        "supports-color": "4.5.0",
        "tapable": "0.2.8",
        "uglifyjs-webpack-plugin": "0.4.6",
        "watchpack": "1.6.0",
        "webpack-sources": "1.1.0",
        "yargs": "8.0.2"
      },
      "dependencies": {
        "acorn": {
          "version": "5.7.1",
          "resolved": "http://registry.npm.taobao.org/acorn/download/acorn-5.7.1.tgz"
        },
        "acorn-dynamic-import": {
          "version": "2.0.2",
          "resolved": "http://registry.npm.taobao.org/acorn-dynamic-import/download/acorn-dynamic-import-2.0.2.tgz",
          "dependencies": {}
        },
        "ajv": {
          "version": "6.5.1",
          "resolved": "http://registry.npm.taobao.org/ajv/download/ajv-6.5.1.tgz"
        },
        "ajv-keywords": {
          "version": "3.2.0",
          "resolved": "http://registry.npm.taobao.org/ajv-keywords/download/ajv-keywords-3.2.0.tgz",
          "dependencies": {}
        },
        "async": {
          "version": "2.6.1",
          "resolved": "http://registry.npm.taobao.org/async/download/async-2.6.1.tgz"
        },
        "enhanced-resolve": {
          "version": "3.4.1",
          "resolved": "http://registry.npm.taobao.org/enhanced-resolve/download/enhanced-resolve-3.4.1.tgz",
          "dependencies": {}
        },
        "escope": {
          "version": "3.6.0",
          "resolved": "http://registry.npm.taobao.org/escope/download/escope-3.6.0.tgz",
          "dependencies": {}
        },
        "interpret": {
          "version": "1.1.0",
          "resolved": "http://registry.npm.taobao.org/interpret/download/interpret-1.1.0.tgz"
        },
        "json-loader": {
          "version": "0.5.7",
          "resolved": "http://registry.npm.taobao.org/json-loader/download/json-loader-0.5.7.tgz"
        },
        "json5": {
          "version": "0.5.1",
          "resolved": "http://registry.npm.taobao.org/json5/download/json5-0.5.1.tgz"
        },
        "loader-runner": {
          "version": "2.3.0",
          "resolved": "http://registry.npm.taobao.org/loader-runner/download/loader-runner-2.3.0.tgz"
        },
        "loader-utils": {
          "version": "1.1.0",
          "resolved": "http://registry.npm.taobao.org/loader-utils/download/loader-utils-1.1.0.tgz",
          "dependencies": {}
        },
        "memory-fs": {
          "version": "0.4.1",
          "resolved": "http://registry.npm.taobao.org/memory-fs/download/memory-fs-0.4.1.tgz",
          "dependencies": {}
        },
        "mkdirp": {
          "version": "0.5.1",
          "resolved": "http://registry.npm.taobao.org/mkdirp/download/mkdirp-0.5.1.tgz",
          "dependencies": {}
        },
        "node-libs-browser": {
          "version": "2.1.0",
          "resolved": "http://registry.npm.taobao.org/node-libs-browser/download/node-libs-browser-2.1.0.tgz"
        },
        "source-map": {
          "version": "0.5.7",
          "resolved": "http://registry.npm.taobao.org/source-map/download/source-map-0.5.7.tgz"
        },
        "supports-color": {
          "version": "4.5.0",
          "resolved": "http://registry.npm.taobao.org/supports-color/download/supports-color-4.5.0.tgz",
          "dependencies": {}
        },
        "tapable": {
          "version": "0.2.8",
          "resolved": "http://registry.npm.taobao.org/tapable/download/tapable-0.2.8.tgz"
        },
        "uglifyjs-webpack-plugin": {
          "version": "0.4.6",
          "resolved": "http://registry.npm.taobao.org/uglifyjs-webpack-plugin/download/uglifyjs-webpack-plugin-0.4.6.tgz"
        },
        "watchpack": {
          "version": "1.6.0",
          "resolved": "http://registry.npm.taobao.org/watchpack/download/watchpack-1.6.0.tgz"
        },
        "webpack-sources": {
          "version": "1.1.0",
          "resolved": "http://registry.npm.taobao.org/webpack-sources/download/webpack-sources-1.1.0.tgz",
          "dependencies": {}
        },
        "yargs": {
          "version": "8.0.2",
          "resolved": "http://registry.npm.taobao.org/yargs/download/yargs-8.0.2.tgz"
        }
      }
    }
  }
}
